{
  "pins" : [
    {
      "identity" : "mrzparser",
      "kind" : "remoteSourceControl",
      "location" : "https://github.com/willywagtail/MRZParser",
      "state" : {
        "branch" : "master",
        "revision" : "a88892b23abf6952ed11ff094142b8c00ecc8494"
      }
    }
  ],
  "version" : 2
}
