{
  "pins" : [
    {
      "identity" : "mrzparser",
      "kind" : "remoteSourceControl",
      "location" : "https://github.com/willywagtail/MRZParser",
      "state" : {
        "branch" : "temp-add-td1be",
        "revision" : "e2a76e9fb89e6262276bbfc2a0d5d35ca662370c"
      }
    }
  ],
  "version" : 2
}
